
Microsoft Visual Studio Solution File, Format Version 11.00
# Visual Studio 2010
Project("{FAE04EC0-301F-11D3-BF4B-00C04F79EFBC}") = "DomainServiceAspNet", "DomainServiceAspNet\DomainServiceAspNet.csproj", "{4876DA86-8B00-4E2B-8BC3-822CF5B58D7F}"
EndProject
Global
	GlobalSection(SolutionConfigurationPlatforms) = preSolution
		Debug|Any CPU = Debug|Any CPU
		Release|Any CPU = Release|Any CPU
	EndGlobalSection
	GlobalSection(ProjectConfigurationPlatforms) = postSolution
		{4876DA86-8B00-4E2B-8BC3-822CF5B58D7F}.Debug|Any CPU.ActiveCfg = Debug|Any CPU
		{4876DA86-8B00-4E2B-8BC3-822CF5B58D7F}.Debug|Any CPU.Build.0 = Debug|Any CPU
		{4876DA86-8B00-4E2B-8BC3-822CF5B58D7F}.Release|Any CPU.ActiveCfg = Release|Any CPU
		{4876DA86-8B00-4E2B-8BC3-822CF5B58D7F}.Release|Any CPU.Build.0 = Release|Any CPU
	EndGlobalSection
	GlobalSection(SolutionProperties) = preSolution
		HideSolutionNode = FALSE
	EndGlobalSection
EndGlobal
